
Microsoft Visual Studio Solution File, Format Version 12.00
# Visual Studio Version 16
VisualStudioVersion = 16.0.30114.105
MinimumVisualStudioVersion = 10.0.40219.1
Project("{FAE04EC0-301F-11D3-BF4B-00C04F79EFBC}") = "TrackerUI", "..\TrackerUI\TrackerUI.csproj", "{2B043044-AB43-4B9F-BC39-D5285F666A64}"
EndProject
Project("{FAE04EC0-301F-11D3-BF4B-00C04F79EFBC}") = "TrackerLibrary", "TrackerLibrary\TrackerLibrary.csproj", "{848697E7-CE37-4A02-B9A2-A1339C2C882D}"
EndProject
Global
	GlobalSection(SolutionConfigurationPlatforms) = preSolution
		Debug|Any CPU = Debug|Any CPU
		Release|Any CPU = Release|Any CPU
	EndGlobalSection
	GlobalSection(ProjectConfigurationPlatforms) = postSolution
		{2B043044-AB43-4B9F-BC39-D5285F666A64}.Debug|Any CPU.ActiveCfg = Release|Any CPU
		{2B043044-AB43-4B9F-BC39-D5285F666A64}.Debug|Any CPU.Build.0 = Release|Any CPU
		{2B043044-AB43-4B9F-BC39-D5285F666A64}.Release|Any CPU.ActiveCfg = Release|Any CPU
		{2B043044-AB43-4B9F-BC39-D5285F666A64}.Release|Any CPU.Build.0 = Release|Any CPU
		{848697E7-CE37-4A02-B9A2-A1339C2C882D}.Debug|Any CPU.ActiveCfg = Release|Any CPU
		{848697E7-CE37-4A02-B9A2-A1339C2C882D}.Debug|Any CPU.Build.0 = Release|Any CPU
		{848697E7-CE37-4A02-B9A2-A1339C2C882D}.Release|Any CPU.ActiveCfg = Release|Any CPU
		{848697E7-CE37-4A02-B9A2-A1339C2C882D}.Release|Any CPU.Build.0 = Release|Any CPU
	EndGlobalSection
	GlobalSection(SolutionProperties) = preSolution
		HideSolutionNode = FALSE
	EndGlobalSection
	GlobalSection(ExtensibilityGlobals) = postSolution
		SolutionGuid = {E0207C5D-42EB-4F06-B182-972E51C80EC7}
	EndGlobalSection
EndGlobal
